
Microsoft Visual Studio Solution File, Format Version 12.00
# Visual Studio Version 17
VisualStudioVersion = 17.11.35222.181
MinimumVisualStudioVersion = 10.0.40219.1
Project("{9A19103F-16F7-4668-BE54-9A1E7A4F7556}") = "Pixelpaw", "Pixelpaw.csproj", "{3CCF1DB5-FA93-4EA4-AEC4-93AE78C141C2}"
EndProject
Project("{C7167F0D-BC9F-4E6E-AFE1-012C56B48DB5}") = "Pixelpaw.package (Package)", "..\Pixelpaw.package\Pixelpaw.package (Package)\Pixelpaw.package (Package).wapproj", "{CC9FABE5-E0C5-4AFC-B119-F9140652BCDF}"
EndProject
Project("{FAE04EC0-301F-11D3-BF4B-00C04F79EFBC}") = "Pixelpaw.package", "..\Pixelpaw.package\Pixelpaw.package\Pixelpaw.package.csproj", "{09BF1CB6-83AC-4547-A8DF-676720603017}"
EndProject
Global
	GlobalSection(SolutionConfigurationPlatforms) = preSolution
		Debug|ARM64 = Debug|ARM64
		Debug|x64 = Debug|x64
		Debug|x86 = Debug|x86
		Release|ARM64 = Release|ARM64
		Release|x64 = Release|x64
		Release|x86 = Release|x86
	EndGlobalSection
	GlobalSection(ProjectConfigurationPlatforms) = postSolution
		{3CCF1DB5-FA93-4EA4-AEC4-93AE78C141C2}.Debug|ARM64.ActiveCfg = Debug|ARM64
		{3CCF1DB5-FA93-4EA4-AEC4-93AE78C141C2}.Debug|ARM64.Build.0 = Debug|ARM64
		{3CCF1DB5-FA93-4EA4-AEC4-93AE78C141C2}.Debug|ARM64.Deploy.0 = Debug|ARM64
		{3CCF1DB5-FA93-4EA4-AEC4-93AE78C141C2}.Debug|x64.ActiveCfg = Debug|x64
		{3CCF1DB5-FA93-4EA4-AEC4-93AE78C141C2}.Debug|x64.Build.0 = Debug|x64
		{3CCF1DB5-FA93-4EA4-AEC4-93AE78C141C2}.Debug|x64.Deploy.0 = Debug|x64
		{3CCF1DB5-FA93-4EA4-AEC4-93AE78C141C2}.Debug|x86.ActiveCfg = Debug|x86
		{3CCF1DB5-FA93-4EA4-AEC4-93AE78C141C2}.Debug|x86.Build.0 = Debug|x86
		{3CCF1DB5-FA93-4EA4-AEC4-93AE78C141C2}.Debug|x86.Deploy.0 = Debug|x86
		{3CCF1DB5-FA93-4EA4-AEC4-93AE78C141C2}.Release|ARM64.ActiveCfg = Release|ARM64
		{3CCF1DB5-FA93-4EA4-AEC4-93AE78C141C2}.Release|ARM64.Build.0 = Release|ARM64
		{3CCF1DB5-FA93-4EA4-AEC4-93AE78C141C2}.Release|ARM64.Deploy.0 = Release|ARM64
		{3CCF1DB5-FA93-4EA4-AEC4-93AE78C141C2}.Release|x64.ActiveCfg = Release|x64
		{3CCF1DB5-FA93-4EA4-AEC4-93AE78C141C2}.Release|x64.Build.0 = Release|x64
		{3CCF1DB5-FA93-4EA4-AEC4-93AE78C141C2}.Release|x64.Deploy.0 = Release|x64
		{3CCF1DB5-FA93-4EA4-AEC4-93AE78C141C2}.Release|x86.ActiveCfg = Release|x86
		{3CCF1DB5-FA93-4EA4-AEC4-93AE78C141C2}.Release|x86.Build.0 = Release|x86
		{3CCF1DB5-FA93-4EA4-AEC4-93AE78C141C2}.Release|x86.Deploy.0 = Release|x86
		{CC9FABE5-E0C5-4AFC-B119-F9140652BCDF}.Debug|ARM64.ActiveCfg = Debug|ARM64
		{CC9FABE5-E0C5-4AFC-B119-F9140652BCDF}.Debug|ARM64.Build.0 = Debug|ARM64
		{CC9FABE5-E0C5-4AFC-B119-F9140652BCDF}.Debug|ARM64.Deploy.0 = Debug|ARM64
		{CC9FABE5-E0C5-4AFC-B119-F9140652BCDF}.Debug|x64.ActiveCfg = Debug|x64
		{CC9FABE5-E0C5-4AFC-B119-F9140652BCDF}.Debug|x64.Build.0 = Debug|x64
		{CC9FABE5-E0C5-4AFC-B119-F9140652BCDF}.Debug|x64.Deploy.0 = Debug|x64
		{CC9FABE5-E0C5-4AFC-B119-F9140652BCDF}.Debug|x86.ActiveCfg = Debug|x86
		{CC9FABE5-E0C5-4AFC-B119-F9140652BCDF}.Debug|x86.Build.0 = Debug|x86
		{CC9FABE5-E0C5-4AFC-B119-F9140652BCDF}.Debug|x86.Deploy.0 = Debug|x86
		{CC9FABE5-E0C5-4AFC-B119-F9140652BCDF}.Release|ARM64.ActiveCfg = Release|ARM64
		{CC9FABE5-E0C5-4AFC-B119-F9140652BCDF}.Release|ARM64.Build.0 = Release|ARM64
		{CC9FABE5-E0C5-4AFC-B119-F9140652BCDF}.Release|ARM64.Deploy.0 = Release|ARM64
		{CC9FABE5-E0C5-4AFC-B119-F9140652BCDF}.Release|x64.ActiveCfg = Release|x64
		{CC9FABE5-E0C5-4AFC-B119-F9140652BCDF}.Release|x64.Build.0 = Release|x64
		{CC9FABE5-E0C5-4AFC-B119-F9140652BCDF}.Release|x64.Deploy.0 = Release|x64
		{CC9FABE5-E0C5-4AFC-B119-F9140652BCDF}.Release|x86.ActiveCfg = Release|x86
		{CC9FABE5-E0C5-4AFC-B119-F9140652BCDF}.Release|x86.Build.0 = Release|x86
		{CC9FABE5-E0C5-4AFC-B119-F9140652BCDF}.Release|x86.Deploy.0 = Release|x86
		{09BF1CB6-83AC-4547-A8DF-676720603017}.Debug|ARM64.ActiveCfg = Debug|ARM64
		{09BF1CB6-83AC-4547-A8DF-676720603017}.Debug|ARM64.Build.0 = Debug|ARM64
		{09BF1CB6-83AC-4547-A8DF-676720603017}.Debug|x64.ActiveCfg = Debug|x64
		{09BF1CB6-83AC-4547-A8DF-676720603017}.Debug|x64.Build.0 = Debug|x64
		{09BF1CB6-83AC-4547-A8DF-676720603017}.Debug|x86.ActiveCfg = Debug|x86
		{09BF1CB6-83AC-4547-A8DF-676720603017}.Debug|x86.Build.0 = Debug|x86
		{09BF1CB6-83AC-4547-A8DF-676720603017}.Release|ARM64.ActiveCfg = Release|ARM64
		{09BF1CB6-83AC-4547-A8DF-676720603017}.Release|ARM64.Build.0 = Release|ARM64
		{09BF1CB6-83AC-4547-A8DF-676720603017}.Release|x64.ActiveCfg = Release|x64
		{09BF1CB6-83AC-4547-A8DF-676720603017}.Release|x64.Build.0 = Release|x64
		{09BF1CB6-83AC-4547-A8DF-676720603017}.Release|x86.ActiveCfg = Release|x86
		{09BF1CB6-83AC-4547-A8DF-676720603017}.Release|x86.Build.0 = Release|x86
	EndGlobalSection
	GlobalSection(SolutionProperties) = preSolution
		HideSolutionNode = FALSE
	EndGlobalSection
	GlobalSection(ExtensibilityGlobals) = postSolution
		SolutionGuid = {6549C5CB-1DE7-4878-8068-D941451CFFA6}
	EndGlobalSection
EndGlobal
